
Microsoft Visual Studio Solution File, Format Version 12.00
# Visual Studio Version 17
VisualStudioVersion = 17.9.34616.47
MinimumVisualStudioVersion = 10.0.40219.1
Project("{FAE04EC0-301F-11D3-BF4B-00C04F79EFBC}") = "Polimorfizmas", "Polimorfizmas\Polimorfizmas.csproj", "{D5E535B9-AF05-4E17-9780-DAB6AA7E2B14}"
EndProject
Global
	GlobalSection(SolutionConfigurationPlatforms) = preSolution
		Debug|Any CPU = Debug|Any CPU
		Release|Any CPU = Release|Any CPU
	EndGlobalSection
	GlobalSection(ProjectConfigurationPlatforms) = postSolution
		{D5E535B9-AF05-4E17-9780-DAB6AA7E2B14}.Debug|Any CPU.ActiveCfg = Debug|Any CPU
		{D5E535B9-AF05-4E17-9780-DAB6AA7E2B14}.Debug|Any CPU.Build.0 = Debug|Any CPU
		{D5E535B9-AF05-4E17-9780-DAB6AA7E2B14}.Release|Any CPU.ActiveCfg = Release|Any CPU
		{D5E535B9-AF05-4E17-9780-DAB6AA7E2B14}.Release|Any CPU.Build.0 = Release|Any CPU
	EndGlobalSection
	GlobalSection(SolutionProperties) = preSolution
		HideSolutionNode = FALSE
	EndGlobalSection
	GlobalSection(ExtensibilityGlobals) = postSolution
		SolutionGuid = {7E2C31D9-2FDC-4DBB-B380-4F57C11ABAF5}
	EndGlobalSection
EndGlobal
